
Microsoft Visual Studio Solution File, Format Version 12.00
# Visual Studio Version 16
VisualStudioVersion = 16.0.32802.440
MinimumVisualStudioVersion = 10.0.40219.1
Project("{FAE04EC0-301F-11D3-BF4B-00C04F79EFBC}") = "PagseguroPlugPlay API", "PagseguroPlugPlay API\PagseguroPlugPlay API.csproj", "{AD3E24D2-A7E2-4553-A14E-A5C85B949B4C}"
EndProject
Global
	GlobalSection(SolutionConfigurationPlatforms) = preSolution
		Debug|Any CPU = Debug|Any CPU
		Release|Any CPU = Release|Any CPU
	EndGlobalSection
	GlobalSection(ProjectConfigurationPlatforms) = postSolution
		{AD3E24D2-A7E2-4553-A14E-A5C85B949B4C}.Debug|Any CPU.ActiveCfg = Debug|Any CPU
		{AD3E24D2-A7E2-4553-A14E-A5C85B949B4C}.Debug|Any CPU.Build.0 = Debug|Any CPU
		{AD3E24D2-A7E2-4553-A14E-A5C85B949B4C}.Release|Any CPU.ActiveCfg = Release|Any CPU
		{AD3E24D2-A7E2-4553-A14E-A5C85B949B4C}.Release|Any CPU.Build.0 = Release|Any CPU
	EndGlobalSection
	GlobalSection(SolutionProperties) = preSolution
		HideSolutionNode = FALSE
	EndGlobalSection
	GlobalSection(ExtensibilityGlobals) = postSolution
		SolutionGuid = {DF217864-D39F-4875-BB23-7FD72194CC45}
	EndGlobalSection
EndGlobal
